
Microsoft Visual Studio Solution File, Format Version 12.00
# Visual Studio Version 17
VisualStudioVersion = 17.1.32319.34
MinimumVisualStudioVersion = 10.0.40219.1
Project("{9A19103F-16F7-4668-BE54-9A1E7A4F7556}") = "Entities", "Entities\Entities.csproj", "{C61C4599-DE1C-4B1F-BF08-0525AD3D194C}"
EndProject
Project("{9A19103F-16F7-4668-BE54-9A1E7A4F7556}") = "Models", "Models\Models.csproj", "{66102F3B-38FA-454B-B806-802ED3A3D1B6}"
EndProject
Project("{9A19103F-16F7-4668-BE54-9A1E7A4F7556}") = "Utils", "Utils\Utils.csproj", "{0754AD45-54CE-4835-A946-E89BC30285C4}"
EndProject
Project("{9A19103F-16F7-4668-BE54-9A1E7A4F7556}") = "ParametrizacionesApi", "ParametrizacionesApi\ParametrizacionesApi.csproj", "{8C2E2023-DCBB-40B5-B806-C16DF5256AB3}"
EndProject
Project("{2150E333-8FDC-42A3-9474-1A3956D46DE8}") = "Test", "Test", "{7849B631-6431-4E2A-BC28-274235A70099}"
EndProject
Project("{FAE04EC0-301F-11D3-BF4B-00C04F79EFBC}") = "UnitTestBase", "UnitTestBase\UnitTestBase.csproj", "{DF208430-9F85-47D9-834C-9254BD86D4B1}"
EndProject
Global
	GlobalSection(SolutionConfigurationPlatforms) = preSolution
		Debug|Any CPU = Debug|Any CPU
		Release|Any CPU = Release|Any CPU
	EndGlobalSection
	GlobalSection(ProjectConfigurationPlatforms) = postSolution
		{C61C4599-DE1C-4B1F-BF08-0525AD3D194C}.Debug|Any CPU.ActiveCfg = Debug|Any CPU
		{C61C4599-DE1C-4B1F-BF08-0525AD3D194C}.Debug|Any CPU.Build.0 = Debug|Any CPU
		{C61C4599-DE1C-4B1F-BF08-0525AD3D194C}.Release|Any CPU.ActiveCfg = Release|Any CPU
		{C61C4599-DE1C-4B1F-BF08-0525AD3D194C}.Release|Any CPU.Build.0 = Release|Any CPU
		{66102F3B-38FA-454B-B806-802ED3A3D1B6}.Debug|Any CPU.ActiveCfg = Debug|Any CPU
		{66102F3B-38FA-454B-B806-802ED3A3D1B6}.Debug|Any CPU.Build.0 = Debug|Any CPU
		{66102F3B-38FA-454B-B806-802ED3A3D1B6}.Release|Any CPU.ActiveCfg = Release|Any CPU
		{66102F3B-38FA-454B-B806-802ED3A3D1B6}.Release|Any CPU.Build.0 = Release|Any CPU
		{0754AD45-54CE-4835-A946-E89BC30285C4}.Debug|Any CPU.ActiveCfg = Debug|Any CPU
		{0754AD45-54CE-4835-A946-E89BC30285C4}.Debug|Any CPU.Build.0 = Debug|Any CPU
		{0754AD45-54CE-4835-A946-E89BC30285C4}.Release|Any CPU.ActiveCfg = Release|Any CPU
		{0754AD45-54CE-4835-A946-E89BC30285C4}.Release|Any CPU.Build.0 = Release|Any CPU
		{8C2E2023-DCBB-40B5-B806-C16DF5256AB3}.Debug|Any CPU.ActiveCfg = Debug|Any CPU
		{8C2E2023-DCBB-40B5-B806-C16DF5256AB3}.Debug|Any CPU.Build.0 = Debug|Any CPU
		{8C2E2023-DCBB-40B5-B806-C16DF5256AB3}.Release|Any CPU.ActiveCfg = Release|Any CPU
		{8C2E2023-DCBB-40B5-B806-C16DF5256AB3}.Release|Any CPU.Build.0 = Release|Any CPU
		{DF208430-9F85-47D9-834C-9254BD86D4B1}.Debug|Any CPU.ActiveCfg = Debug|Any CPU
		{DF208430-9F85-47D9-834C-9254BD86D4B1}.Debug|Any CPU.Build.0 = Debug|Any CPU
		{DF208430-9F85-47D9-834C-9254BD86D4B1}.Release|Any CPU.ActiveCfg = Release|Any CPU
		{DF208430-9F85-47D9-834C-9254BD86D4B1}.Release|Any CPU.Build.0 = Release|Any CPU
	EndGlobalSection
	GlobalSection(SolutionProperties) = preSolution
		HideSolutionNode = FALSE
	EndGlobalSection
	GlobalSection(NestedProjects) = preSolution
		{DF208430-9F85-47D9-834C-9254BD86D4B1} = {7849B631-6431-4E2A-BC28-274235A70099}
	EndGlobalSection
	GlobalSection(ExtensibilityGlobals) = postSolution
		SolutionGuid = {7BFEEC08-BEFD-47AC-9CE7-FC1C6AD0BCDD}
	EndGlobalSection
EndGlobal
